// !$*UTF8*$!
{
	archiveVersion = 1;
	classes = {
	};
	objectVersion = 46;
	objects = {

/* Begin PBXBuildFile section */
		5A1C6A0A1A9B978500A43A07 /* DFPhotoResizer.m in Sources */ = {isa = PBXBuildFile; fileRef = 5A1C6A091A9B978500A43A07 /* DFPhotoResizer.m */; };
		5A1C6A0D1A9B97E600A43A07 /* UIImage+Resize.m in Sources */ = {isa = PBXBuildFile; fileRef = 5A1C6A0C1A9B97E600A43A07 /* UIImage+Resize.m */; };
		5A1C6A101A9B97F600A43A07 /* DFCGRectHelpers.m in Sources */ = {isa = PBXBuildFile; fileRef = 5A1C6A0F1A9B97F600A43A07 /* DFCGRectHelpers.m */; };
		5A1C6A181A9B983D00A43A07 /* UIImageEffects.m in Sources */ = {isa = PBXBuildFile; fileRef = 5A1C6A131A9B983D00A43A07 /* UIImageEffects.m */; };
		5A1C6A191A9B983D00A43A07 /* UIImage+Alpha.m in Sources */ = {isa = PBXBuildFile; fileRef = 5A1C6A151A9B983D00A43A07 /* UIImage+Alpha.m */; };
		5A1C6A1A1A9B983D00A43A07 /* UIImage+RoundedCorner.m in Sources */ = {isa = PBXBuildFile; fileRef = 5A1C6A171A9B983D00A43A07 /* UIImage+RoundedCorner.m */; };
		5A1C6A1D1A9B9F8300A43A07 /* NSString+DFHelpers.m in Sources */ = {isa = PBXBuildFile; fileRef = 5A1C6A1C1A9B9F8300A43A07 /* NSString+DFHelpers.m */; };
		5A677D591A9BD5190060B55D /* DFUser.m in Sources */ = {isa = PBXBuildFile; fileRef = 5A677D581A9BD5190060B55D /* DFUser.m */; };
		5A677D5D1A9BD8030060B55D /* DFKeeperPhotoViewController.m in Sources */ = {isa = PBXBuildFile; fileRef = 5A677D5B1A9BD8030060B55D /* DFKeeperPhotoViewController.m */; };
		5A677D5E1A9BD8030060B55D /* DFKeeperPhotoViewController.xib in Resources */ = {isa = PBXBuildFile; fileRef = 5A677D5C1A9BD8030060B55D /* DFKeeperPhotoViewController.xib */; };
		5A677D611A9BDA2F0060B55D /* DFCategoryConstants.m in Sources */ = {isa = PBXBuildFile; fileRef = 5A677D601A9BDA2F0060B55D /* DFCategoryConstants.m */; };
		5A677D641A9BDB2B0060B55D /* NSArray+DFHelpers.m in Sources */ = {isa = PBXBuildFile; fileRef = 5A677D631A9BDB2B0060B55D /* NSArray+DFHelpers.m */; };
		5A677D671A9BEC2D0060B55D /* DFAnalytics.m in Sources */ = {isa = PBXBuildFile; fileRef = 5A677D661A9BEC2D0060B55D /* DFAnalytics.m */; };
		5A6DED931A9D08920038EF9F /* DFCategorizeController.m in Sources */ = {isa = PBXBuildFile; fileRef = 5A6DED921A9D08920038EF9F /* DFCategorizeController.m */; };
		5A6DED961A9E6C890038EF9F /* DFAssetLibraryHelper.m in Sources */ = {isa = PBXBuildFile; fileRef = 5A6DED951A9E6C890038EF9F /* DFAssetLibraryHelper.m */; };
		5A88B7E41A9FBC020008F548 /* DFSettingsManager.m in Sources */ = {isa = PBXBuildFile; fileRef = 5A88B7E31A9FBC020008F548 /* DFSettingsManager.m */; };
		5A8EB8CB1A9153F00033C540 /* main.m in Sources */ = {isa = PBXBuildFile; fileRef = 5A8EB8CA1A9153F00033C540 /* main.m */; };
		5A8EB8CE1A9153F00033C540 /* AppDelegate.m in Sources */ = {isa = PBXBuildFile; fileRef = 5A8EB8CD1A9153F00033C540 /* AppDelegate.m */; };
		5A8EB8D61A9153F00033C540 /* Images.xcassets in Resources */ = {isa = PBXBuildFile; fileRef = 5A8EB8D51A9153F00033C540 /* Images.xcassets */; };
		5A8EB8D91A9153F00033C540 /* LaunchScreen.xib in Resources */ = {isa = PBXBuildFile; fileRef = 5A8EB8D71A9153F00033C540 /* LaunchScreen.xib */; };
		5A8EB8E51A9153F00033C540 /* KeeperTests.m in Sources */ = {isa = PBXBuildFile; fileRef = 5A8EB8E41A9153F00033C540 /* KeeperTests.m */; };
		5A8EB8F71A915E030033C540 /* DFCameraViewController.m in Sources */ = {isa = PBXBuildFile; fileRef = 5A8EB8EF1A915E030033C540 /* DFCameraViewController.m */; };
		5A8EB8F81A915E030033C540 /* DFCameraOverlayView.m in Sources */ = {isa = PBXBuildFile; fileRef = 5A8EB8F11A915E030033C540 /* DFCameraOverlayView.m */; };
		5A8EB8F91A915E030033C540 /* DFCameraOverlayView.xib in Resources */ = {isa = PBXBuildFile; fileRef = 5A8EB8F21A915E030033C540 /* DFCameraOverlayView.xib */; };
		5A8EB8FA1A915E030033C540 /* DFAVCameraViewController.m in Sources */ = {isa = PBXBuildFile; fileRef = 5A8EB8F41A915E030033C540 /* DFAVCameraViewController.m */; };
		5A8EB8FB1A915E030033C540 /* DBMotionManager.m in Sources */ = {isa = PBXBuildFile; fileRef = 5A8EB8F61A915E030033C540 /* DBMotionManager.m */; };
		5A8EB8FE1A915FCE0033C540 /* NSDateFormatter+DFPhotoDateFormatters.m in Sources */ = {isa = PBXBuildFile; fileRef = 5A8EB8FD1A915FCE0033C540 /* NSDateFormatter+DFPhotoDateFormatters.m */; };
		5A8EB9011A915FE00033C540 /* UIImage+DFHelpers.m in Sources */ = {isa = PBXBuildFile; fileRef = 5A8EB9001A915FE00033C540 /* UIImage+DFHelpers.m */; };
		5A8EB9061A9160D80033C540 /* Podfile in Resources */ = {isa = PBXBuildFile; fileRef = 5A8EB9051A9160D80033C540 /* Podfile */; };
		5A8EB90C1A91612C0033C540 /* UIView+DFExtensions.m in Sources */ = {isa = PBXBuildFile; fileRef = 5A8EB90B1A91612C0033C540 /* UIView+DFExtensions.m */; };
		5A8EB90F1A91628C0033C540 /* DFLogConfig.m in Sources */ = {isa = PBXBuildFile; fileRef = 5A8EB90E1A91628C0033C540 /* DFLogConfig.m */; };
		5A8EB9121A92838E0033C540 /* Assets in Resources */ = {isa = PBXBuildFile; fileRef = 5A8EB9111A92838E0033C540 /* Assets */; };
		5A9950091A96548F00468484 /* DFLibraryViewController.m in Sources */ = {isa = PBXBuildFile; fileRef = 5A9950071A96548F00468484 /* DFLibraryViewController.m */; };
		5A99500A1A96548F00468484 /* DFLibraryViewController.xib in Resources */ = {isa = PBXBuildFile; fileRef = 5A9950081A96548F00468484 /* DFLibraryViewController.xib */; };
		5A99500E1A96598F00468484 /* DFRootViewController.m in Sources */ = {isa = PBXBuildFile; fileRef = 5A99500D1A96598F00468484 /* DFRootViewController.m */; };
		5A9950141A965AC700468484 /* DFOverlayViewController.m in Sources */ = {isa = PBXBuildFile; fileRef = 5A9950131A965AC700468484 /* DFOverlayViewController.m */; };
		5A99501B1A965BD500468484 /* DFKeeperConstants.m in Sources */ = {isa = PBXBuildFile; fileRef = 5A99501A1A965BD500468484 /* DFKeeperConstants.m */; };
		5A99501F1A965DFA00468484 /* DFNavigationController.m in Sources */ = {isa = PBXBuildFile; fileRef = 5A99501E1A965DFA00468484 /* DFNavigationController.m */; };
		5A9950231A9662E300468484 /* DFKeeperStore.m in Sources */ = {isa = PBXBuildFile; fileRef = 5A9950221A9662E300468484 /* DFKeeperStore.m */; };
		5A9950271A967F0E00468484 /* DFKeeperPhoto.m in Sources */ = {isa = PBXBuildFile; fileRef = 5A9950261A967F0E00468484 /* DFKeeperPhoto.m */; };
		5A99502B1A968DC900468484 /* DFImageCollectionViewCell.m in Sources */ = {isa = PBXBuildFile; fileRef = 5A9950291A968DC900468484 /* DFImageCollectionViewCell.m */; };
		5A99502C1A968DC900468484 /* DFImageCollectionViewCell.xib in Resources */ = {isa = PBXBuildFile; fileRef = 5A99502A1A968DC900468484 /* DFImageCollectionViewCell.xib */; };
		5A99502F1A96983800468484 /* UINib+DFHelpers.m in Sources */ = {isa = PBXBuildFile; fileRef = 5A99502E1A96983800468484 /* UINib+DFHelpers.m */; };
		5A9950331A969FC500468484 /* DFLoginViewController.m in Sources */ = {isa = PBXBuildFile; fileRef = 5A9950311A969FC500468484 /* DFLoginViewController.m */; };
		5A9950341A969FC500468484 /* DFLoginViewController.xib in Resources */ = {isa = PBXBuildFile; fileRef = 5A9950321A969FC500468484 /* DFLoginViewController.xib */; };
		5A9950371A96A47D00468484 /* DFAlertController.m in Sources */ = {isa = PBXBuildFile; fileRef = 5A9950361A96A47D00468484 /* DFAlertController.m */; };
		5A99503B1A96A4EE00468484 /* DFAlertAction.m in Sources */ = {isa = PBXBuildFile; fileRef = 5A99503A1A96A4EE00468484 /* DFAlertAction.m */; };
		5A99503E1A96A51F00468484 /* DFTypedefs.m in Sources */ = {isa = PBXBuildFile; fileRef = 5A99503D1A96A51F00468484 /* DFTypedefs.m */; };
		5A99504D1A97E44A00468484 /* DFImageDiskCache.m in Sources */ = {isa = PBXBuildFile; fileRef = 5A9950441A97E44A00468484 /* DFImageDiskCache.m */; };
		5A99504E1A97E44A00468484 /* DFImageManager.m in Sources */ = {isa = PBXBuildFile; fileRef = 5A9950461A97E44A00468484 /* DFImageManager.m */; };
		5A99504F1A97E44A00468484 /* DFImageManagerRequest.m in Sources */ = {isa = PBXBuildFile; fileRef = 5A9950481A97E44A00468484 /* DFImageManagerRequest.m */; };
		5A9950501A97E44A00468484 /* DFImageDownloadManager.m in Sources */ = {isa = PBXBuildFile; fileRef = 5A99504A1A97E44A00468484 /* DFImageDownloadManager.m */; };
		5A9950511A97E44A00468484 /* DFDeferredCompletionScheduler.m in Sources */ = {isa = PBXBuildFile; fileRef = 5A99504C1A97E44A00468484 /* DFDeferredCompletionScheduler.m */; };
		5AC04E041AA0DFF9008E44A8 /* DFImageUploadManager.m in Sources */ = {isa = PBXBuildFile; fileRef = 5AC04E031AA0DFF9008E44A8 /* DFImageUploadManager.m */; };
		5AC04E071AA0E64B008E44A8 /* DFNetworkingConstants.m in Sources */ = {isa = PBXBuildFile; fileRef = 5AC04E061AA0E64B008E44A8 /* DFNetworkingConstants.m */; };
		DC2A7B9402905231BE306701 /* libPods.a in Frameworks */ = {isa = PBXBuildFile; fileRef = 2E88AD2FD4651BA4B4CAD0AA /* libPods.a */; };
/* End PBXBuildFile section */

/* Begin PBXContainerItemProxy section */
		5A8EB8DF1A9153F00033C540 /* PBXContainerItemProxy */ = {
			isa = PBXContainerItemProxy;
			containerPortal = 5A8EB8BD1A9153F00033C540 /* Project object */;
			proxyType = 1;
			remoteGlobalIDString = 5A8EB8C41A9153F00033C540;
			remoteInfo = Keeper;
		};
/* End PBXContainerItemProxy section */

/* Begin PBXFileReference section */
		2E88AD2FD4651BA4B4CAD0AA /* libPods.a */ = {isa = PBXFileReference; explicitFileType = archive.ar; includeInIndex = 0; path = libPods.a; sourceTree = BUILT_PRODUCTS_DIR; };
		5A1C6A081A9B978500A43A07 /* DFPhotoResizer.h */ = {isa = PBXFileReference; fileEncoding = 4; lastKnownFileType = sourcecode.c.h; path = DFPhotoResizer.h; sourceTree = "<group>"; };
		5A1C6A091A9B978500A43A07 /* DFPhotoResizer.m */ = {isa = PBXFileReference; fileEncoding = 4; lastKnownFileType = sourcecode.c.objc; path = DFPhotoResizer.m; sourceTree = "<group>"; };
		5A1C6A0B1A9B97E600A43A07 /* UIImage+Resize.h */ = {isa = PBXFileReference; fileEncoding = 4; lastKnownFileType = sourcecode.c.h; path = "UIImage+Resize.h"; sourceTree = "<group>"; };
		5A1C6A0C1A9B97E600A43A07 /* UIImage+Resize.m */ = {isa = PBXFileReference; fileEncoding = 4; lastKnownFileType = sourcecode.c.objc; path = "UIImage+Resize.m"; sourceTree = "<group>"; };
		5A1C6A0E1A9B97F600A43A07 /* DFCGRectHelpers.h */ = {isa = PBXFileReference; fileEncoding = 4; lastKnownFileType = sourcecode.c.h; path = DFCGRectHelpers.h; sourceTree = "<group>"; };
		5A1C6A0F1A9B97F600A43A07 /* DFCGRectHelpers.m */ = {isa = PBXFileReference; fileEncoding = 4; lastKnownFileType = sourcecode.c.objc; path = DFCGRectHelpers.m; sourceTree = "<group>"; };
		5A1C6A121A9B983D00A43A07 /* UIImageEffects.h */ = {isa = PBXFileReference; fileEncoding = 4; lastKnownFileType = sourcecode.c.h; path = UIImageEffects.h; sourceTree = "<group>"; };
		5A1C6A131A9B983D00A43A07 /* UIImageEffects.m */ = {isa = PBXFileReference; fileEncoding = 4; lastKnownFileType = sourcecode.c.objc; path = UIImageEffects.m; sourceTree = "<group>"; };
		5A1C6A141A9B983D00A43A07 /* UIImage+Alpha.h */ = {isa = PBXFileReference; fileEncoding = 4; lastKnownFileType = sourcecode.c.h; path = "UIImage+Alpha.h"; sourceTree = "<group>"; };
		5A1C6A151A9B983D00A43A07 /* UIImage+Alpha.m */ = {isa = PBXFileReference; fileEncoding = 4; lastKnownFileType = sourcecode.c.objc; path = "UIImage+Alpha.m"; sourceTree = "<group>"; };
		5A1C6A161A9B983D00A43A07 /* UIImage+RoundedCorner.h */ = {isa = PBXFileReference; fileEncoding = 4; lastKnownFileType = sourcecode.c.h; path = "UIImage+RoundedCorner.h"; sourceTree = "<group>"; };
		5A1C6A171A9B983D00A43A07 /* UIImage+RoundedCorner.m */ = {isa = PBXFileReference; fileEncoding = 4; lastKnownFileType = sourcecode.c.objc; path = "UIImage+RoundedCorner.m"; sourceTree = "<group>"; };
		5A1C6A1B1A9B9F8300A43A07 /* NSString+DFHelpers.h */ = {isa = PBXFileReference; fileEncoding = 4; lastKnownFileType = sourcecode.c.h; path = "NSString+DFHelpers.h"; sourceTree = "<group>"; };
		5A1C6A1C1A9B9F8300A43A07 /* NSString+DFHelpers.m */ = {isa = PBXFileReference; fileEncoding = 4; lastKnownFileType = sourcecode.c.objc; path = "NSString+DFHelpers.m"; sourceTree = "<group>"; };
		5A677D571A9BD5190060B55D /* DFUser.h */ = {isa = PBXFileReference; fileEncoding = 4; lastKnownFileType = sourcecode.c.h; path = DFUser.h; sourceTree = "<group>"; };
		5A677D581A9BD5190060B55D /* DFUser.m */ = {isa = PBXFileReference; fileEncoding = 4; lastKnownFileType = sourcecode.c.objc; path = DFUser.m; sourceTree = "<group>"; };
		5A677D5A1A9BD8030060B55D /* DFKeeperPhotoViewController.h */ = {isa = PBXFileReference; fileEncoding = 4; lastKnownFileType = sourcecode.c.h; path = DFKeeperPhotoViewController.h; sourceTree = "<group>"; };
		5A677D5B1A9BD8030060B55D /* DFKeeperPhotoViewController.m */ = {isa = PBXFileReference; fileEncoding = 4; lastKnownFileType = sourcecode.c.objc; path = DFKeeperPhotoViewController.m; sourceTree = "<group>"; };
		5A677D5C1A9BD8030060B55D /* DFKeeperPhotoViewController.xib */ = {isa = PBXFileReference; fileEncoding = 4; lastKnownFileType = file.xib; path = DFKeeperPhotoViewController.xib; sourceTree = "<group>"; };
		5A677D5F1A9BDA2F0060B55D /* DFCategoryConstants.h */ = {isa = PBXFileReference; fileEncoding = 4; lastKnownFileType = sourcecode.c.h; path = DFCategoryConstants.h; sourceTree = "<group>"; };
		5A677D601A9BDA2F0060B55D /* DFCategoryConstants.m */ = {isa = PBXFileReference; fileEncoding = 4; lastKnownFileType = sourcecode.c.objc; path = DFCategoryConstants.m; sourceTree = "<group>"; };
		5A677D621A9BDB2B0060B55D /* NSArray+DFHelpers.h */ = {isa = PBXFileReference; fileEncoding = 4; lastKnownFileType = sourcecode.c.h; path = "NSArray+DFHelpers.h"; sourceTree = "<group>"; };
		5A677D631A9BDB2B0060B55D /* NSArray+DFHelpers.m */ = {isa = PBXFileReference; fileEncoding = 4; lastKnownFileType = sourcecode.c.objc; path = "NSArray+DFHelpers.m"; sourceTree = "<group>"; };
		5A677D651A9BEC2D0060B55D /* DFAnalytics.h */ = {isa = PBXFileReference; fileEncoding = 4; lastKnownFileType = sourcecode.c.h; path = DFAnalytics.h; sourceTree = "<group>"; };
		5A677D661A9BEC2D0060B55D /* DFAnalytics.m */ = {isa = PBXFileReference; fileEncoding = 4; lastKnownFileType = sourcecode.c.objc; path = DFAnalytics.m; sourceTree = "<group>"; };
		5A677D681A9BF1F70060B55D /* Beta.xcconfig */ = {isa = PBXFileReference; lastKnownFileType = text.xcconfig; path = Beta.xcconfig; sourceTree = "<group>"; };
		5A6DED901A9D074D0038EF9F /* DFMacros.h */ = {isa = PBXFileReference; lastKnownFileType = sourcecode.c.h; path = DFMacros.h; sourceTree = "<group>"; };
		5A6DED911A9D08920038EF9F /* DFCategorizeController.h */ = {isa = PBXFileReference; fileEncoding = 4; lastKnownFileType = sourcecode.c.h; path = DFCategorizeController.h; sourceTree = "<group>"; };
		5A6DED921A9D08920038EF9F /* DFCategorizeController.m */ = {isa = PBXFileReference; fileEncoding = 4; lastKnownFileType = sourcecode.c.objc; path = DFCategorizeController.m; sourceTree = "<group>"; };
		5A6DED941A9E6C890038EF9F /* DFAssetLibraryHelper.h */ = {isa = PBXFileReference; fileEncoding = 4; lastKnownFileType = sourcecode.c.h; path = DFAssetLibraryHelper.h; sourceTree = "<group>"; };
		5A6DED951A9E6C890038EF9F /* DFAssetLibraryHelper.m */ = {isa = PBXFileReference; fileEncoding = 4; lastKnownFileType = sourcecode.c.objc; path = DFAssetLibraryHelper.m; sourceTree = "<group>"; };
		5A88B7E21A9FBC020008F548 /* DFSettingsManager.h */ = {isa = PBXFileReference; fileEncoding = 4; lastKnownFileType = sourcecode.c.h; path = DFSettingsManager.h; sourceTree = "<group>"; };
		5A88B7E31A9FBC020008F548 /* DFSettingsManager.m */ = {isa = PBXFileReference; fileEncoding = 4; lastKnownFileType = sourcecode.c.objc; path = DFSettingsManager.m; sourceTree = "<group>"; };
		5A8EB8C51A9153F00033C540 /* Keeper.app */ = {isa = PBXFileReference; explicitFileType = wrapper.application; includeInIndex = 0; path = Keeper.app; sourceTree = BUILT_PRODUCTS_DIR; };
		5A8EB8C91A9153F00033C540 /* Info.plist */ = {isa = PBXFileReference; lastKnownFileType = text.plist.xml; path = Info.plist; sourceTree = "<group>"; };
		5A8EB8CA1A9153F00033C540 /* main.m */ = {isa = PBXFileReference; lastKnownFileType = sourcecode.c.objc; path = main.m; sourceTree = "<group>"; };
		5A8EB8CC1A9153F00033C540 /* AppDelegate.h */ = {isa = PBXFileReference; lastKnownFileType = sourcecode.c.h; path = AppDelegate.h; sourceTree = "<group>"; };
		5A8EB8CD1A9153F00033C540 /* AppDelegate.m */ = {isa = PBXFileReference; lastKnownFileType = sourcecode.c.objc; path = AppDelegate.m; sourceTree = "<group>"; };
		5A8EB8D51A9153F00033C540 /* Images.xcassets */ = {isa = PBXFileReference; lastKnownFileType = folder.assetcatalog; path = Images.xcassets; sourceTree = "<group>"; };
		5A8EB8D81A9153F00033C540 /* Base */ = {isa = PBXFileReference; lastKnownFileType = file.xib; name = Base; path = Base.lproj/LaunchScreen.xib; sourceTree = "<group>"; };
		5A8EB8DE1A9153F00033C540 /* KeeperTests.xctest */ = {isa = PBXFileReference; explicitFileType = wrapper.cfbundle; includeInIndex = 0; path = KeeperTests.xctest; sourceTree = BUILT_PRODUCTS_DIR; };
		5A8EB8E31A9153F00033C540 /* Info.plist */ = {isa = PBXFileReference; lastKnownFileType = text.plist.xml; path = Info.plist; sourceTree = "<group>"; };
		5A8EB8E41A9153F00033C540 /* KeeperTests.m */ = {isa = PBXFileReference; lastKnownFileType = sourcecode.c.objc; path = KeeperTests.m; sourceTree = "<group>"; };
		5A8EB8EE1A915E030033C540 /* DFCameraViewController.h */ = {isa = PBXFileReference; fileEncoding = 4; lastKnownFileType = sourcecode.c.h; path = DFCameraViewController.h; sourceTree = "<group>"; };
		5A8EB8EF1A915E030033C540 /* DFCameraViewController.m */ = {isa = PBXFileReference; fileEncoding = 4; lastKnownFileType = sourcecode.c.objc; path = DFCameraViewController.m; sourceTree = "<group>"; };
		5A8EB8F01A915E030033C540 /* DFCameraOverlayView.h */ = {isa = PBXFileReference; fileEncoding = 4; lastKnownFileType = sourcecode.c.h; path = DFCameraOverlayView.h; sourceTree = "<group>"; };
		5A8EB8F11A915E030033C540 /* DFCameraOverlayView.m */ = {isa = PBXFileReference; fileEncoding = 4; lastKnownFileType = sourcecode.c.objc; path = DFCameraOverlayView.m; sourceTree = "<group>"; };
		5A8EB8F21A915E030033C540 /* DFCameraOverlayView.xib */ = {isa = PBXFileReference; fileEncoding = 4; lastKnownFileType = file.xib; path = DFCameraOverlayView.xib; sourceTree = "<group>"; };
		5A8EB8F31A915E030033C540 /* DFAVCameraViewController.h */ = {isa = PBXFileReference; fileEncoding = 4; lastKnownFileType = sourcecode.c.h; path = DFAVCameraViewController.h; sourceTree = "<group>"; };
		5A8EB8F41A915E030033C540 /* DFAVCameraViewController.m */ = {isa = PBXFileReference; fileEncoding = 4; lastKnownFileType = sourcecode.c.objc; path = DFAVCameraViewController.m; sourceTree = "<group>"; };
		5A8EB8F51A915E030033C540 /* DBMotionManager.h */ = {isa = PBXFileReference; fileEncoding = 4; lastKnownFileType = sourcecode.c.h; path = DBMotionManager.h; sourceTree = "<group>"; };
		5A8EB8F61A915E030033C540 /* DBMotionManager.m */ = {isa = PBXFileReference; fileEncoding = 4; lastKnownFileType = sourcecode.c.objc; path = DBMotionManager.m; sourceTree = "<group>"; };
		5A8EB8FC1A915FCE0033C540 /* NSDateFormatter+DFPhotoDateFormatters.h */ = {isa = PBXFileReference; fileEncoding = 4; lastKnownFileType = sourcecode.c.h; path = "NSDateFormatter+DFPhotoDateFormatters.h"; sourceTree = "<group>"; };
		5A8EB8FD1A915FCE0033C540 /* NSDateFormatter+DFPhotoDateFormatters.m */ = {isa = PBXFileReference; fileEncoding = 4; lastKnownFileType = sourcecode.c.objc; path = "NSDateFormatter+DFPhotoDateFormatters.m"; sourceTree = "<group>"; };
		5A8EB8FF1A915FE00033C540 /* UIImage+DFHelpers.h */ = {isa = PBXFileReference; fileEncoding = 4; lastKnownFileType = sourcecode.c.h; path = "UIImage+DFHelpers.h"; sourceTree = "<group>"; };
		5A8EB9001A915FE00033C540 /* UIImage+DFHelpers.m */ = {isa = PBXFileReference; fileEncoding = 4; lastKnownFileType = sourcecode.c.objc; path = "UIImage+DFHelpers.m"; sourceTree = "<group>"; };
		5A8EB9051A9160D80033C540 /* Podfile */ = {isa = PBXFileReference; fileEncoding = 4; lastKnownFileType = text; path = Podfile; sourceTree = SOURCE_ROOT; xcLanguageSpecificationIdentifier = xcode.lang.ruby; };
		5A8EB90A1A91612C0033C540 /* UIView+DFExtensions.h */ = {isa = PBXFileReference; fileEncoding = 4; lastKnownFileType = sourcecode.c.h; path = "UIView+DFExtensions.h"; sourceTree = "<group>"; };
		5A8EB90B1A91612C0033C540 /* UIView+DFExtensions.m */ = {isa = PBXFileReference; fileEncoding = 4; lastKnownFileType = sourcecode.c.objc; path = "UIView+DFExtensions.m"; sourceTree = "<group>"; };
		5A8EB90D1A91628C0033C540 /* DFLogConfig.h */ = {isa = PBXFileReference; fileEncoding = 4; lastKnownFileType = sourcecode.c.h; path = DFLogConfig.h; sourceTree = "<group>"; };
		5A8EB90E1A91628C0033C540 /* DFLogConfig.m */ = {isa = PBXFileReference; fileEncoding = 4; lastKnownFileType = sourcecode.c.objc; path = DFLogConfig.m; sourceTree = "<group>"; };
		5A8EB9101A9163330033C540 /* KeeperPrefixHeader.pch */ = {isa = PBXFileReference; lastKnownFileType = sourcecode.c.h; path = KeeperPrefixHeader.pch; sourceTree = "<group>"; };
		5A8EB9111A92838E0033C540 /* Assets */ = {isa = PBXFileReference; lastKnownFileType = folder; path = Assets; sourceTree = "<group>"; };
		5A9950061A96548F00468484 /* DFLibraryViewController.h */ = {isa = PBXFileReference; fileEncoding = 4; lastKnownFileType = sourcecode.c.h; path = DFLibraryViewController.h; sourceTree = "<group>"; };
		5A9950071A96548F00468484 /* DFLibraryViewController.m */ = {isa = PBXFileReference; fileEncoding = 4; lastKnownFileType = sourcecode.c.objc; path = DFLibraryViewController.m; sourceTree = "<group>"; };
		5A9950081A96548F00468484 /* DFLibraryViewController.xib */ = {isa = PBXFileReference; fileEncoding = 4; lastKnownFileType = file.xib; path = DFLibraryViewController.xib; sourceTree = "<group>"; };
		5A99500C1A96598F00468484 /* DFRootViewController.h */ = {isa = PBXFileReference; fileEncoding = 4; lastKnownFileType = sourcecode.c.h; path = DFRootViewController.h; sourceTree = "<group>"; };
		5A99500D1A96598F00468484 /* DFRootViewController.m */ = {isa = PBXFileReference; fileEncoding = 4; lastKnownFileType = sourcecode.c.objc; path = DFRootViewController.m; sourceTree = "<group>"; };
		5A9950121A965AC700468484 /* DFOverlayViewController.h */ = {isa = PBXFileReference; fileEncoding = 4; lastKnownFileType = sourcecode.c.h; path = DFOverlayViewController.h; sourceTree = "<group>"; };
		5A9950131A965AC700468484 /* DFOverlayViewController.m */ = {isa = PBXFileReference; fileEncoding = 4; lastKnownFileType = sourcecode.c.objc; path = DFOverlayViewController.m; sourceTree = "<group>"; };
		5A9950191A965BD500468484 /* DFKeeperConstants.h */ = {isa = PBXFileReference; fileEncoding = 4; lastKnownFileType = sourcecode.c.h; path = DFKeeperConstants.h; sourceTree = "<group>"; };
		5A99501A1A965BD500468484 /* DFKeeperConstants.m */ = {isa = PBXFileReference; fileEncoding = 4; lastKnownFileType = sourcecode.c.objc; path = DFKeeperConstants.m; sourceTree = "<group>"; };
		5A99501D1A965DFA00468484 /* DFNavigationController.h */ = {isa = PBXFileReference; fileEncoding = 4; lastKnownFileType = sourcecode.c.h; path = DFNavigationController.h; sourceTree = "<group>"; };
		5A99501E1A965DFA00468484 /* DFNavigationController.m */ = {isa = PBXFileReference; fileEncoding = 4; lastKnownFileType = sourcecode.c.objc; path = DFNavigationController.m; sourceTree = "<group>"; };
		5A9950201A965E9300468484 /* DFUIKit.h */ = {isa = PBXFileReference; lastKnownFileType = sourcecode.c.h; path = DFUIKit.h; sourceTree = "<group>"; };
		5A9950211A9662E300468484 /* DFKeeperStore.h */ = {isa = PBXFileReference; fileEncoding = 4; lastKnownFileType = sourcecode.c.h; path = DFKeeperStore.h; sourceTree = "<group>"; };
		5A9950221A9662E300468484 /* DFKeeperStore.m */ = {isa = PBXFileReference; fileEncoding = 4; lastKnownFileType = sourcecode.c.objc; path = DFKeeperStore.m; sourceTree = "<group>"; };
		5A9950251A967F0E00468484 /* DFKeeperPhoto.h */ = {isa = PBXFileReference; fileEncoding = 4; lastKnownFileType = sourcecode.c.h; path = DFKeeperPhoto.h; sourceTree = "<group>"; };
		5A9950261A967F0E00468484 /* DFKeeperPhoto.m */ = {isa = PBXFileReference; fileEncoding = 4; lastKnownFileType = sourcecode.c.objc; path = DFKeeperPhoto.m; sourceTree = "<group>"; };
		5A9950281A968DC900468484 /* DFImageCollectionViewCell.h */ = {isa = PBXFileReference; fileEncoding = 4; lastKnownFileType = sourcecode.c.h; path = DFImageCollectionViewCell.h; sourceTree = "<group>"; };
		5A9950291A968DC900468484 /* DFImageCollectionViewCell.m */ = {isa = PBXFileReference; fileEncoding = 4; lastKnownFileType = sourcecode.c.objc; path = DFImageCollectionViewCell.m; sourceTree = "<group>"; };
		5A99502A1A968DC900468484 /* DFImageCollectionViewCell.xib */ = {isa = PBXFileReference; fileEncoding = 4; lastKnownFileType = file.xib; path = DFImageCollectionViewCell.xib; sourceTree = "<group>"; };
		5A99502D1A96983800468484 /* UINib+DFHelpers.h */ = {isa = PBXFileReference; fileEncoding = 4; lastKnownFileType = sourcecode.c.h; path = "UINib+DFHelpers.h"; sourceTree = "<group>"; };
		5A99502E1A96983800468484 /* UINib+DFHelpers.m */ = {isa = PBXFileReference; fileEncoding = 4; lastKnownFileType = sourcecode.c.objc; path = "UINib+DFHelpers.m"; sourceTree = "<group>"; };
		5A9950301A969FC500468484 /* DFLoginViewController.h */ = {isa = PBXFileReference; fileEncoding = 4; lastKnownFileType = sourcecode.c.h; path = DFLoginViewController.h; sourceTree = "<group>"; };
		5A9950311A969FC500468484 /* DFLoginViewController.m */ = {isa = PBXFileReference; fileEncoding = 4; lastKnownFileType = sourcecode.c.objc; path = DFLoginViewController.m; sourceTree = "<group>"; };
		5A9950321A969FC500468484 /* DFLoginViewController.xib */ = {isa = PBXFileReference; fileEncoding = 4; lastKnownFileType = file.xib; path = DFLoginViewController.xib; sourceTree = "<group>"; };
		5A9950351A96A47D00468484 /* DFAlertController.h */ = {isa = PBXFileReference; fileEncoding = 4; lastKnownFileType = sourcecode.c.h; path = DFAlertController.h; sourceTree = "<group>"; };
		5A9950361A96A47D00468484 /* DFAlertController.m */ = {isa = PBXFileReference; fileEncoding = 4; lastKnownFileType = sourcecode.c.objc; path = DFAlertController.m; sourceTree = "<group>"; };
		5A9950391A96A4EE00468484 /* DFAlertAction.h */ = {isa = PBXFileReference; fileEncoding = 4; lastKnownFileType = sourcecode.c.h; path = DFAlertAction.h; sourceTree = "<group>"; };
		5A99503A1A96A4EE00468484 /* DFAlertAction.m */ = {isa = PBXFileReference; fileEncoding = 4; lastKnownFileType = sourcecode.c.objc; path = DFAlertAction.m; sourceTree = "<group>"; };
		5A99503C1A96A51F00468484 /* DFTypedefs.h */ = {isa = PBXFileReference; fileEncoding = 4; lastKnownFileType = sourcecode.c.h; path = DFTypedefs.h; sourceTree = "<group>"; };
		5A99503D1A96A51F00468484 /* DFTypedefs.m */ = {isa = PBXFileReference; fileEncoding = 4; lastKnownFileType = sourcecode.c.objc; path = DFTypedefs.m; sourceTree = "<group>"; };
		5A9950431A97E44A00468484 /* DFImageDiskCache.h */ = {isa = PBXFileReference; fileEncoding = 4; lastKnownFileType = sourcecode.c.h; path = DFImageDiskCache.h; sourceTree = "<group>"; };
		5A9950441A97E44A00468484 /* DFImageDiskCache.m */ = {isa = PBXFileReference; fileEncoding = 4; lastKnownFileType = sourcecode.c.objc; path = DFImageDiskCache.m; sourceTree = "<group>"; };
		5A9950451A97E44A00468484 /* DFImageManager.h */ = {isa = PBXFileReference; fileEncoding = 4; lastKnownFileType = sourcecode.c.h; path = DFImageManager.h; sourceTree = "<group>"; };
		5A9950461A97E44A00468484 /* DFImageManager.m */ = {isa = PBXFileReference; fileEncoding = 4; lastKnownFileType = sourcecode.c.objc; path = DFImageManager.m; sourceTree = "<group>"; };
		5A9950471A97E44A00468484 /* DFImageManagerRequest.h */ = {isa = PBXFileReference; fileEncoding = 4; lastKnownFileType = sourcecode.c.h; path = DFImageManagerRequest.h; sourceTree = "<group>"; };
		5A9950481A97E44A00468484 /* DFImageManagerRequest.m */ = {isa = PBXFileReference; fileEncoding = 4; lastKnownFileType = sourcecode.c.objc; path = DFImageManagerRequest.m; sourceTree = "<group>"; };
		5A9950491A97E44A00468484 /* DFImageDownloadManager.h */ = {isa = PBXFileReference; fileEncoding = 4; lastKnownFileType = sourcecode.c.h; path = DFImageDownloadManager.h; sourceTree = "<group>"; };
		5A99504A1A97E44A00468484 /* DFImageDownloadManager.m */ = {isa = PBXFileReference; fileEncoding = 4; lastKnownFileType = sourcecode.c.objc; path = DFImageDownloadManager.m; sourceTree = "<group>"; };
		5A99504B1A97E44A00468484 /* DFDeferredCompletionScheduler.h */ = {isa = PBXFileReference; fileEncoding = 4; lastKnownFileType = sourcecode.c.h; path = DFDeferredCompletionScheduler.h; sourceTree = "<group>"; };
		5A99504C1A97E44A00468484 /* DFDeferredCompletionScheduler.m */ = {isa = PBXFileReference; fileEncoding = 4; lastKnownFileType = sourcecode.c.objc; path = DFDeferredCompletionScheduler.m; sourceTree = "<group>"; };
		5AAEB3271A9CDC0D00D029A6 /* KeeperReleaseNotes.md */ = {isa = PBXFileReference; lastKnownFileType = net.daringfireball.markdown; path = KeeperReleaseNotes.md; sourceTree = SOURCE_ROOT; };
		5AC04E021AA0DFF9008E44A8 /* DFImageUploadManager.h */ = {isa = PBXFileReference; fileEncoding = 4; lastKnownFileType = sourcecode.c.h; path = DFImageUploadManager.h; sourceTree = "<group>"; };
		5AC04E031AA0DFF9008E44A8 /* DFImageUploadManager.m */ = {isa = PBXFileReference; fileEncoding = 4; lastKnownFileType = sourcecode.c.objc; path = DFImageUploadManager.m; sourceTree = "<group>"; };
		5AC04E051AA0E0D1008E44A8 /* DFNetworkingConstants.h */ = {isa = PBXFileReference; lastKnownFileType = sourcecode.c.h; path = DFNetworkingConstants.h; sourceTree = "<group>"; };
		5AC04E061AA0E64B008E44A8 /* DFNetworkingConstants.m */ = {isa = PBXFileReference; fileEncoding = 4; lastKnownFileType = sourcecode.c.objc; path = DFNetworkingConstants.m; sourceTree = "<group>"; };
		C5EA541A400364F5B9C2B943 /* Pods.release.xcconfig */ = {isa = PBXFileReference; includeInIndex = 1; lastKnownFileType = text.xcconfig; name = Pods.release.xcconfig; path = "Pods/Target Support Files/Pods/Pods.release.xcconfig"; sourceTree = "<group>"; };
		F8622FA142075D9EFE24176B /* Pods.debug.xcconfig */ = {isa = PBXFileReference; includeInIndex = 1; lastKnownFileType = text.xcconfig; name = Pods.debug.xcconfig; path = "Pods/Target Support Files/Pods/Pods.debug.xcconfig"; sourceTree = "<group>"; };
/* End PBXFileReference section */

/* Begin PBXFrameworksBuildPhase section */
		5A8EB8C21A9153F00033C540 /* Frameworks */ = {
			isa = PBXFrameworksBuildPhase;
			buildActionMask = 2147483647;
			files = (
				DC2A7B9402905231BE306701 /* libPods.a in Frameworks */,
			);
			runOnlyForDeploymentPostprocessing = 0;
		};
		5A8EB8DB1A9153F00033C540 /* Frameworks */ = {
			isa = PBXFrameworksBuildPhase;
			buildActionMask = 2147483647;
			files = (
			);
			runOnlyForDeploymentPostprocessing = 0;
		};
/* End PBXFrameworksBuildPhase section */

/* Begin PBXGroup section */
		5A1C6A111A9B981F00A43A07 /* ThirdParty */ = {
			isa = PBXGroup;
			children = (
				5A1C6A0B1A9B97E600A43A07 /* UIImage+Resize.h */,
				5A1C6A0C1A9B97E600A43A07 /* UIImage+Resize.m */,
				5A1C6A121A9B983D00A43A07 /* UIImageEffects.h */,
				5A1C6A131A9B983D00A43A07 /* UIImageEffects.m */,
				5A1C6A141A9B983D00A43A07 /* UIImage+Alpha.h */,
				5A1C6A151A9B983D00A43A07 /* UIImage+Alpha.m */,
				5A1C6A161A9B983D00A43A07 /* UIImage+RoundedCorner.h */,
				5A1C6A171A9B983D00A43A07 /* UIImage+RoundedCorner.m */,
			);
			name = ThirdParty;
			sourceTree = "<group>";
		};
		5A88B7E11A9FBBDA0008F548 /* Settings */ = {
			isa = PBXGroup;
			children = (
				5A88B7E21A9FBC020008F548 /* DFSettingsManager.h */,
				5A88B7E31A9FBC020008F548 /* DFSettingsManager.m */,
			);
			name = Settings;
			sourceTree = "<group>";
		};
		5A8EB8BC1A9153F00033C540 = {
			isa = PBXGroup;
			children = (
				5A8EB8C71A9153F00033C540 /* Keeper */,
				5A8EB8E11A9153F00033C540 /* KeeperTests */,
				5A8EB8C61A9153F00033C540 /* Products */,
				B96DB4C7716DE9720D96B442 /* Pods */,
				5E08625285BE9D00A627685E /* Frameworks */,
			);
			sourceTree = "<group>";
		};
		5A8EB8C61A9153F00033C540 /* Products */ = {
			isa = PBXGroup;
			children = (
				5A8EB8C51A9153F00033C540 /* Keeper.app */,
				5A8EB8DE1A9153F00033C540 /* KeeperTests.xctest */,
			);
			name = Products;
			sourceTree = "<group>";
		};
		5A8EB8C71A9153F00033C540 /* Keeper */ = {
			isa = PBXGroup;
			children = (
				5A8EB8CC1A9153F00033C540 /* AppDelegate.h */,
				5A8EB8CD1A9153F00033C540 /* AppDelegate.m */,
				5A99500C1A96598F00468484 /* DFRootViewController.h */,
				5A99500D1A96598F00468484 /* DFRootViewController.m */,
				5A677D651A9BEC2D0060B55D /* DFAnalytics.h */,
				5A677D661A9BEC2D0060B55D /* DFAnalytics.m */,
				5A9950381A96A49300468484 /* Login */,
				5A9950051A964B3200468484 /* Configuration */,
				5A99500B1A96549900468484 /* Library */,
				5A9950041A964B2000468484 /* Camera */,
				5A9950241A9662ED00468484 /* Database */,
				5A99503F1A97913800468484 /* ImageManager */,
				5A9950151A965BAB00468484 /* Common */,
				5A8EB9021A915FE90033C540 /* Utils */,
				5A88B7E11A9FBBDA0008F548 /* Settings */,
				5A1C6A111A9B981F00A43A07 /* ThirdParty */,
				5A8EB8D51A9153F00033C540 /* Images.xcassets */,
				5A8EB9111A92838E0033C540 /* Assets */,
				5A8EB9051A9160D80033C540 /* Podfile */,
				5AAEB3271A9CDC0D00D029A6 /* KeeperReleaseNotes.md */,
				5A8EB8C81A9153F00033C540 /* Supporting Files */,
			);
			path = Keeper;
			sourceTree = "<group>";
		};
		5A8EB8C81A9153F00033C540 /* Supporting Files */ = {
			isa = PBXGroup;
			children = (
				5A677D681A9BF1F70060B55D /* Beta.xcconfig */,
				5A8EB8D71A9153F00033C540 /* LaunchScreen.xib */,
				5A8EB8C91A9153F00033C540 /* Info.plist */,
				5A8EB8CA1A9153F00033C540 /* main.m */,
				5A8EB9101A9163330033C540 /* KeeperPrefixHeader.pch */,
			);
			name = "Supporting Files";
			sourceTree = "<group>";
		};
		5A8EB8E11A9153F00033C540 /* KeeperTests */ = {
			isa = PBXGroup;
			children = (
				5A8EB8E41A9153F00033C540 /* KeeperTests.m */,
				5A8EB8E21A9153F00033C540 /* Supporting Files */,
			);
			path = KeeperTests;
			sourceTree = "<group>";
		};
		5A8EB8E21A9153F00033C540 /* Supporting Files */ = {
			isa = PBXGroup;
			children = (
				5A8EB8E31A9153F00033C540 /* Info.plist */,
			);
			name = "Supporting Files";
			sourceTree = "<group>";
		};
		5A8EB9021A915FE90033C540 /* Utils */ = {
			isa = PBXGroup;
			children = (
				5A6DED901A9D074D0038EF9F /* DFMacros.h */,
				5A677D621A9BDB2B0060B55D /* NSArray+DFHelpers.h */,
				5A677D631A9BDB2B0060B55D /* NSArray+DFHelpers.m */,
				5A1C6A1B1A9B9F8300A43A07 /* NSString+DFHelpers.h */,
				5A1C6A1C1A9B9F8300A43A07 /* NSString+DFHelpers.m */,
				5A1C6A081A9B978500A43A07 /* DFPhotoResizer.h */,
				5A1C6A091A9B978500A43A07 /* DFPhotoResizer.m */,
				5A1C6A0E1A9B97F600A43A07 /* DFCGRectHelpers.h */,
				5A1C6A0F1A9B97F600A43A07 /* DFCGRectHelpers.m */,
				5A9950121A965AC700468484 /* DFOverlayViewController.h */,
				5A9950131A965AC700468484 /* DFOverlayViewController.m */,
				5A8EB8FC1A915FCE0033C540 /* NSDateFormatter+DFPhotoDateFormatters.h */,
				5A8EB8FD1A915FCE0033C540 /* NSDateFormatter+DFPhotoDateFormatters.m */,
				5A8EB8FF1A915FE00033C540 /* UIImage+DFHelpers.h */,
				5A8EB9001A915FE00033C540 /* UIImage+DFHelpers.m */,
				5A8EB90A1A91612C0033C540 /* UIView+DFExtensions.h */,
				5A8EB90B1A91612C0033C540 /* UIView+DFExtensions.m */,
				5A99502D1A96983800468484 /* UINib+DFHelpers.h */,
				5A99502E1A96983800468484 /* UINib+DFHelpers.m */,
				5A6DED941A9E6C890038EF9F /* DFAssetLibraryHelper.h */,
				5A6DED951A9E6C890038EF9F /* DFAssetLibraryHelper.m */,
			);
			name = Utils;
			sourceTree = "<group>";
		};
		5A9950041A964B2000468484 /* Camera */ = {
			isa = PBXGroup;
			children = (
				5A677D5F1A9BDA2F0060B55D /* DFCategoryConstants.h */,
				5A677D601A9BDA2F0060B55D /* DFCategoryConstants.m */,
				5A8EB8EE1A915E030033C540 /* DFCameraViewController.h */,
				5A8EB8EF1A915E030033C540 /* DFCameraViewController.m */,
				5A8EB8F01A915E030033C540 /* DFCameraOverlayView.h */,
				5A8EB8F11A915E030033C540 /* DFCameraOverlayView.m */,
				5A8EB8F21A915E030033C540 /* DFCameraOverlayView.xib */,
				5A8EB8F31A915E030033C540 /* DFAVCameraViewController.h */,
				5A8EB8F41A915E030033C540 /* DFAVCameraViewController.m */,
				5A8EB8F51A915E030033C540 /* DBMotionManager.h */,
				5A8EB8F61A915E030033C540 /* DBMotionManager.m */,
			);
			name = Camera;
			sourceTree = "<group>";
		};
		5A9950051A964B3200468484 /* Configuration */ = {
			isa = PBXGroup;
			children = (
				5A8EB90D1A91628C0033C540 /* DFLogConfig.h */,
				5A8EB90E1A91628C0033C540 /* DFLogConfig.m */,
			);
			name = Configuration;
			sourceTree = "<group>";
		};
		5A99500B1A96549900468484 /* Library */ = {
			isa = PBXGroup;
			children = (
				5A9950061A96548F00468484 /* DFLibraryViewController.h */,
				5A9950071A96548F00468484 /* DFLibraryViewController.m */,
				5A9950081A96548F00468484 /* DFLibraryViewController.xib */,
				5A677D5A1A9BD8030060B55D /* DFKeeperPhotoViewController.h */,
				5A677D5B1A9BD8030060B55D /* DFKeeperPhotoViewController.m */,
				5A677D5C1A9BD8030060B55D /* DFKeeperPhotoViewController.xib */,
				5A6DED911A9D08920038EF9F /* DFCategorizeController.h */,
				5A6DED921A9D08920038EF9F /* DFCategorizeController.m */,
			);
			name = Library;
			sourceTree = "<group>";
		};
		5A9950151A965BAB00468484 /* Common */ = {
			isa = PBXGroup;
			children = (
				5A99503C1A96A51F00468484 /* DFTypedefs.h */,
				5A99503D1A96A51F00468484 /* DFTypedefs.m */,
				5A99501C1A965D9E00468484 /* UI Components */,
				5A9950191A965BD500468484 /* DFKeeperConstants.h */,
				5A99501A1A965BD500468484 /* DFKeeperConstants.m */,
			);
			name = Common;
			sourceTree = "<group>";
		};
		5A99501C1A965D9E00468484 /* UI Components */ = {
			isa = PBXGroup;
			children = (
				5A9950201A965E9300468484 /* DFUIKit.h */,
				5A9950351A96A47D00468484 /* DFAlertController.h */,
				5A9950361A96A47D00468484 /* DFAlertController.m */,
				5A9950391A96A4EE00468484 /* DFAlertAction.h */,
				5A99503A1A96A4EE00468484 /* DFAlertAction.m */,
				5A99501D1A965DFA00468484 /* DFNavigationController.h */,
				5A99501E1A965DFA00468484 /* DFNavigationController.m */,
				5A9950281A968DC900468484 /* DFImageCollectionViewCell.h */,
				5A9950291A968DC900468484 /* DFImageCollectionViewCell.m */,
				5A99502A1A968DC900468484 /* DFImageCollectionViewCell.xib */,
			);
			name = "UI Components";
			sourceTree = "<group>";
		};
		5A9950241A9662ED00468484 /* Database */ = {
			isa = PBXGroup;
			children = (
				5A9950211A9662E300468484 /* DFKeeperStore.h */,
				5A9950221A9662E300468484 /* DFKeeperStore.m */,
				5A9950251A967F0E00468484 /* DFKeeperPhoto.h */,
				5A9950261A967F0E00468484 /* DFKeeperPhoto.m */,
			);
			name = Database;
			sourceTree = "<group>";
		};
		5A9950381A96A49300468484 /* Login */ = {
			isa = PBXGroup;
			children = (
				5A9950301A969FC500468484 /* DFLoginViewController.h */,
				5A9950311A969FC500468484 /* DFLoginViewController.m */,
				5A9950321A969FC500468484 /* DFLoginViewController.xib */,
				5A677D571A9BD5190060B55D /* DFUser.h */,
				5A677D581A9BD5190060B55D /* DFUser.m */,
			);
			name = Login;
			sourceTree = "<group>";
		};
		5A99503F1A97913800468484 /* ImageManager */ = {
			isa = PBXGroup;
			children = (
				5A9950431A97E44A00468484 /* DFImageDiskCache.h */,
				5A9950441A97E44A00468484 /* DFImageDiskCache.m */,
				5A9950451A97E44A00468484 /* DFImageManager.h */,
				5A9950461A97E44A00468484 /* DFImageManager.m */,
				5A9950471A97E44A00468484 /* DFImageManagerRequest.h */,
				5A9950481A97E44A00468484 /* DFImageManagerRequest.m */,
				5A99504B1A97E44A00468484 /* DFDeferredCompletionScheduler.h */,
				5A99504C1A97E44A00468484 /* DFDeferredCompletionScheduler.m */,
				5AC04E021AA0DFF9008E44A8 /* DFImageUploadManager.h */,
				5AC04E031AA0DFF9008E44A8 /* DFImageUploadManager.m */,
				5A9950491A97E44A00468484 /* DFImageDownloadManager.h */,
				5A99504A1A97E44A00468484 /* DFImageDownloadManager.m */,
				5AC04E051AA0E0D1008E44A8 /* DFNetworkingConstants.h */,
				5AC04E061AA0E64B008E44A8 /* DFNetworkingConstants.m */,
			);
			name = ImageManager;
			sourceTree = "<group>";
		};
		5E08625285BE9D00A627685E /* Frameworks */ = {
			isa = PBXGroup;
			children = (
				2E88AD2FD4651BA4B4CAD0AA /* libPods.a */,
			);
			name = Frameworks;
			sourceTree = "<group>";
		};
		B96DB4C7716DE9720D96B442 /* Pods */ = {
			isa = PBXGroup;
			children = (
				F8622FA142075D9EFE24176B /* Pods.debug.xcconfig */,
				C5EA541A400364F5B9C2B943 /* Pods.release.xcconfig */,
			);
			name = Pods;
			sourceTree = "<group>";
		};
/* End PBXGroup section */

/* Begin PBXNativeTarget section */
		5A8EB8C41A9153F00033C540 /* Keeper */ = {
			isa = PBXNativeTarget;
			buildConfigurationList = 5A8EB8E81A9153F00033C540 /* Build configuration list for PBXNativeTarget "Keeper" */;
			buildPhases = (
				48BF9E9C22E60D6A57001071 /* Check Pods Manifest.lock */,
				5A8EB8C11A9153F00033C540 /* Sources */,
				5A8EB8C21A9153F00033C540 /* Frameworks */,
				5AAEB3281A9CDEDB00D029A6 /* ShellScript */,
				5A8EB8C31A9153F00033C540 /* Resources */,
				C1677CD592E16AFE26954767 /* Copy Pods Resources */,
			);
			buildRules = (
			);
			dependencies = (
			);
			name = Keeper;
			productName = Keeper;
			productReference = 5A8EB8C51A9153F00033C540 /* Keeper.app */;
			productType = "com.apple.product-type.application";
		};
		5A8EB8DD1A9153F00033C540 /* KeeperTests */ = {
			isa = PBXNativeTarget;
			buildConfigurationList = 5A8EB8EB1A9153F00033C540 /* Build configuration list for PBXNativeTarget "KeeperTests" */;
			buildPhases = (
				5A8EB8DA1A9153F00033C540 /* Sources */,
				5A8EB8DB1A9153F00033C540 /* Frameworks */,
				5A8EB8DC1A9153F00033C540 /* Resources */,
			);
			buildRules = (
			);
			dependencies = (
				5A8EB8E01A9153F00033C540 /* PBXTargetDependency */,
			);
			name = KeeperTests;
			productName = KeeperTests;
			productReference = 5A8EB8DE1A9153F00033C540 /* KeeperTests.xctest */;
			productType = "com.apple.product-type.bundle.unit-test";
		};
/* End PBXNativeTarget section */

/* Begin PBXProject section */
		5A8EB8BD1A9153F00033C540 /* Project object */ = {
			isa = PBXProject;
			attributes = {
				LastUpgradeCheck = 0610;
				ORGANIZATIONNAME = "Duffy Inc";
				TargetAttributes = {
					5A8EB8C41A9153F00033C540 = {
						CreatedOnToolsVersion = 6.1.1;
						DevelopmentTeam = KTS292CQN5;
					};
					5A8EB8DD1A9153F00033C540 = {
						CreatedOnToolsVersion = 6.1.1;
						TestTargetID = 5A8EB8C41A9153F00033C540;
					};
				};
			};
			buildConfigurationList = 5A8EB8C01A9153F00033C540 /* Build configuration list for PBXProject "Keeper" */;
			compatibilityVersion = "Xcode 3.2";
			developmentRegion = English;
			hasScannedForEncodings = 0;
			knownRegions = (
				en,
				Base,
			);
			mainGroup = 5A8EB8BC1A9153F00033C540;
			productRefGroup = 5A8EB8C61A9153F00033C540 /* Products */;
			projectDirPath = "";
			projectRoot = "";
			targets = (
				5A8EB8C41A9153F00033C540 /* Keeper */,
				5A8EB8DD1A9153F00033C540 /* KeeperTests */,
			);
		};
/* End PBXProject section */

/* Begin PBXResourcesBuildPhase section */
		5A8EB8C31A9153F00033C540 /* Resources */ = {
			isa = PBXResourcesBuildPhase;
			buildActionMask = 2147483647;
			files = (
				5A9950341A969FC500468484 /* DFLoginViewController.xib in Resources */,
				5A677D5E1A9BD8030060B55D /* DFKeeperPhotoViewController.xib in Resources */,
				5A8EB9061A9160D80033C540 /* Podfile in Resources */,
				5A8EB9121A92838E0033C540 /* Assets in Resources */,
				5A8EB8F91A915E030033C540 /* DFCameraOverlayView.xib in Resources */,
				5A99502C1A968DC900468484 /* DFImageCollectionViewCell.xib in Resources */,
				5A8EB8D91A9153F00033C540 /* LaunchScreen.xib in Resources */,
				5A8EB8D61A9153F00033C540 /* Images.xcassets in Resources */,
				5A99500A1A96548F00468484 /* DFLibraryViewController.xib in Resources */,
			);
			runOnlyForDeploymentPostprocessing = 0;
		};
		5A8EB8DC1A9153F00033C540 /* Resources */ = {
			isa = PBXResourcesBuildPhase;
			buildActionMask = 2147483647;
			files = (
			);
			runOnlyForDeploymentPostprocessing = 0;
		};
/* End PBXResourcesBuildPhase section */

/* Begin PBXShellScriptBuildPhase section */
		48BF9E9C22E60D6A57001071 /* Check Pods Manifest.lock */ = {
			isa = PBXShellScriptBuildPhase;
			buildActionMask = 2147483647;
			files = (
			);
			inputPaths = (
			);
			name = "Check Pods Manifest.lock";
			outputPaths = (
			);
			runOnlyForDeploymentPostprocessing = 0;
			shellPath = /bin/sh;
			shellScript = "diff \"${PODS_ROOT}/../Podfile.lock\" \"${PODS_ROOT}/Manifest.lock\" > /dev/null\nif [[ $? != 0 ]] ; then\n    cat << EOM\nerror: The sandbox is not in sync with the Podfile.lock. Run 'pod install' or update your CocoaPods installation.\nEOM\n    exit 1\nfi\n";
			showEnvVarsInLog = 0;
		};
		5AAEB3281A9CDEDB00D029A6 /* ShellScript */ = {
			isa = PBXShellScriptBuildPhase;
			buildActionMask = 2147483647;
			files = (
			);
			inputPaths = (
			);
			outputPaths = (
			);
			runOnlyForDeploymentPostprocessing = 0;
			shellPath = /bin/sh;
			shellScript = "#!/bin/bash\nif [ \"${CONFIGURATION}\" = \"Beta\" ] || [ \"${CONFIGURATION}\" = \"Release\" ]; then\nbuildNumber=$(/usr/libexec/PlistBuddy -c \"Print CFBundleVersion\" \"$INFOPLIST_FILE\")\nbuildNumber=$(($buildNumber + 1))\n/usr/libexec/PlistBuddy -c \"Set :CFBundleVersion $buildNumber\" \"$INFOPLIST_FILE\"\nfi";
		};
		C1677CD592E16AFE26954767 /* Copy Pods Resources */ = {
			isa = PBXShellScriptBuildPhase;
			buildActionMask = 2147483647;
			files = (
			);
			inputPaths = (
			);
			name = "Copy Pods Resources";
			outputPaths = (
			);
			runOnlyForDeploymentPostprocessing = 0;
			shellPath = /bin/sh;
			shellScript = "\"${SRCROOT}/Pods/Target Support Files/Pods/Pods-resources.sh\"\n";
			showEnvVarsInLog = 0;
		};
/* End PBXShellScriptBuildPhase section */

/* Begin PBXSourcesBuildPhase section */
		5A8EB8C11A9153F00033C540 /* Sources */ = {
			isa = PBXSourcesBuildPhase;
			buildActionMask = 2147483647;
			files = (
				5A99503B1A96A4EE00468484 /* DFAlertAction.m in Sources */,
				5A99504E1A97E44A00468484 /* DFImageManager.m in Sources */,
				5A1C6A1A1A9B983D00A43A07 /* UIImage+RoundedCorner.m in Sources */,
				5A99503E1A96A51F00468484 /* DFTypedefs.m in Sources */,
				5A9950141A965AC700468484 /* DFOverlayViewController.m in Sources */,
				5A8EB9011A915FE00033C540 /* UIImage+DFHelpers.m in Sources */,
				5A8EB8FB1A915E030033C540 /* DBMotionManager.m in Sources */,
				5A99500E1A96598F00468484 /* DFRootViewController.m in Sources */,
				5A88B7E41A9FBC020008F548 /* DFSettingsManager.m in Sources */,
				5A8EB90C1A91612C0033C540 /* UIView+DFExtensions.m in Sources */,
				5A6DED961A9E6C890038EF9F /* DFAssetLibraryHelper.m in Sources */,
				5AC04E071AA0E64B008E44A8 /* DFNetworkingConstants.m in Sources */,
				5A677D611A9BDA2F0060B55D /* DFCategoryConstants.m in Sources */,
				5A99502F1A96983800468484 /* UINib+DFHelpers.m in Sources */,
				5A99501F1A965DFA00468484 /* DFNavigationController.m in Sources */,
				5A99502B1A968DC900468484 /* DFImageCollectionViewCell.m in Sources */,
				5A8EB8FE1A915FCE0033C540 /* NSDateFormatter+DFPhotoDateFormatters.m in Sources */,
				5A1C6A181A9B983D00A43A07 /* UIImageEffects.m in Sources */,
				5A9950371A96A47D00468484 /* DFAlertController.m in Sources */,
				5A8EB8F81A915E030033C540 /* DFCameraOverlayView.m in Sources */,
				5A1C6A101A9B97F600A43A07 /* DFCGRectHelpers.m in Sources */,
				5A1C6A0A1A9B978500A43A07 /* DFPhotoResizer.m in Sources */,
				5A8EB90F1A91628C0033C540 /* DFLogConfig.m in Sources */,
				5A8EB8F71A915E030033C540 /* DFCameraViewController.m in Sources */,
				5A9950501A97E44A00468484 /* DFImageDownloadManager.m in Sources */,
				5A9950331A969FC500468484 /* DFLoginViewController.m in Sources */,
				5A9950511A97E44A00468484 /* DFDeferredCompletionScheduler.m in Sources */,
				5A99501B1A965BD500468484 /* DFKeeperConstants.m in Sources */,
				5A677D671A9BEC2D0060B55D /* DFAnalytics.m in Sources */,
				5A99504D1A97E44A00468484 /* DFImageDiskCache.m in Sources */,
				5A1C6A1D1A9B9F8300A43A07 /* NSString+DFHelpers.m in Sources */,
				5A8EB8CE1A9153F00033C540 /* AppDelegate.m in Sources */,
				5A8EB8FA1A915E030033C540 /* DFAVCameraViewController.m in Sources */,
				5A677D641A9BDB2B0060B55D /* NSArray+DFHelpers.m in Sources */,
				5A9950271A967F0E00468484 /* DFKeeperPhoto.m in Sources */,
				5A9950231A9662E300468484 /* DFKeeperStore.m in Sources */,
				5AC04E041AA0DFF9008E44A8 /* DFImageUploadManager.m in Sources */,
				5A99504F1A97E44A00468484 /* DFImageManagerRequest.m in Sources */,
				5A1C6A191A9B983D00A43A07 /* UIImage+Alpha.m in Sources */,
				5A677D5D1A9BD8030060B55D /* DFKeeperPhotoViewController.m in Sources */,
				5A9950091A96548F00468484 /* DFLibraryViewController.m in Sources */,
				5A8EB8CB1A9153F00033C540 /* main.m in Sources */,
				5A677D591A9BD5190060B55D /* DFUser.m in Sources */,
				5A6DED931A9D08920038EF9F /* DFCategorizeController.m in Sources */,
				5A1C6A0D1A9B97E600A43A07 /* UIImage+Resize.m in Sources */,
			);
			runOnlyForDeploymentPostprocessing = 0;
		};
		5A8EB8DA1A9153F00033C540 /* Sources */ = {
			isa = PBXSourcesBuildPhase;
			buildActionMask = 2147483647;
			files = (
				5A8EB8E51A9153F00033C540 /* KeeperTests.m in Sources */,
			);
			runOnlyForDeploymentPostprocessing = 0;
		};
/* End PBXSourcesBuildPhase section */

/* Begin PBXTargetDependency section */
		5A8EB8E01A9153F00033C540 /* PBXTargetDependency */ = {
			isa = PBXTargetDependency;
			target = 5A8EB8C41A9153F00033C540 /* Keeper */;
			targetProxy = 5A8EB8DF1A9153F00033C540 /* PBXContainerItemProxy */;
		};
/* End PBXTargetDependency section */

/* Begin PBXVariantGroup section */
		5A8EB8D71A9153F00033C540 /* LaunchScreen.xib */ = {
			isa = PBXVariantGroup;
			children = (
				5A8EB8D81A9153F00033C540 /* Base */,
			);
			name = LaunchScreen.xib;
			sourceTree = "<group>";
		};
/* End PBXVariantGroup section */

/* Begin XCBuildConfiguration section */
		5A677D691A9BF2A40060B55D /* Beta */ = {
			isa = XCBuildConfiguration;
			buildSettings = {
				ALWAYS_SEARCH_USER_PATHS = NO;
				CLANG_CXX_LANGUAGE_STANDARD = "gnu++0x";
				CLANG_CXX_LIBRARY = "libc++";
				CLANG_ENABLE_MODULES = YES;
				CLANG_ENABLE_OBJC_ARC = YES;
				CLANG_WARN_BOOL_CONVERSION = YES;
				CLANG_WARN_CONSTANT_CONVERSION = YES;
				CLANG_WARN_DIRECT_OBJC_ISA_USAGE = YES_ERROR;
				CLANG_WARN_EMPTY_BODY = YES;
				CLANG_WARN_ENUM_CONVERSION = YES;
				CLANG_WARN_INT_CONVERSION = YES;
				CLANG_WARN_OBJC_ROOT_CLASS = YES_ERROR;
				CLANG_WARN_UNREACHABLE_CODE = YES;
				CLANG_WARN__DUPLICATE_METHOD_MATCH = YES;
				"CODE_SIGN_IDENTITY[sdk=iphoneos*]" = "iPhone Developer";
				COPY_PHASE_STRIP = YES;
				ENABLE_NS_ASSERTIONS = NO;
				ENABLE_STRICT_OBJC_MSGSEND = YES;
				GCC_C_LANGUAGE_STANDARD = gnu99;
				GCC_WARN_64_TO_32_BIT_CONVERSION = YES;
				GCC_WARN_ABOUT_RETURN_TYPE = YES_ERROR;
				GCC_WARN_UNDECLARED_SELECTOR = YES;
				GCC_WARN_UNINITIALIZED_AUTOS = YES_AGGRESSIVE;
				GCC_WARN_UNUSED_FUNCTION = YES;
				GCC_WARN_UNUSED_VARIABLE = YES;
				IPHONEOS_DEPLOYMENT_TARGET = 8.1;
				MTL_ENABLE_DEBUG_INFO = NO;
				SDKROOT = iphoneos;
				VALIDATE_PRODUCT = YES;
			};
			name = Beta;
		};
		5A677D6A1A9BF2A40060B55D /* Beta */ = {
			isa = XCBuildConfiguration;
			baseConfigurationReference = 5A677D681A9BF1F70060B55D /* Beta.xcconfig */;
			buildSettings = {
				ASSETCATALOG_COMPILER_APPICON_NAME = AppIcon;
				ASSETCATALOG_COMPILER_LAUNCHIMAGE_NAME = LaunchImage;
				CODE_SIGN_IDENTITY = "iPhone Distribution: Old Fashioned Software, LLC";
				"CODE_SIGN_IDENTITY[sdk=iphoneos*]" = "iPhone Distribution: Old Fashioned Software, LLC";
				GCC_PREFIX_HEADER = Keeper/KeeperPrefixHeader.pch;
				INFOPLIST_FILE = Keeper/Info.plist;
				IPHONEOS_DEPLOYMENT_TARGET = 7.0;
				LD_RUNPATH_SEARCH_PATHS = "$(inherited) @executable_path/Frameworks";
				PRODUCT_NAME = "$(TARGET_NAME)";
				PROVISIONING_PROFILE = "3c720a78-adce-4dd1-85a1-1b0a2edccada";
			};
			name = Beta;
		};
		5A677D6B1A9BF2A40060B55D /* Beta */ = {
			isa = XCBuildConfiguration;
			buildSettings = {
				BUNDLE_LOADER = "$(TEST_HOST)";
				FRAMEWORK_SEARCH_PATHS = (
					"$(SDKROOT)/Developer/Library/Frameworks",
					"$(inherited)",
				);
				INFOPLIST_FILE = KeeperTests/Info.plist;
				LD_RUNPATH_SEARCH_PATHS = "$(inherited) @executable_path/Frameworks @loader_path/Frameworks";
				PRODUCT_NAME = "$(TARGET_NAME)";
				TEST_HOST = "$(BUILT_PRODUCTS_DIR)/Keeper.app/Keeper";
			};
			name = Beta;
		};
		5A8EB8E61A9153F00033C540 /* Debug */ = {
			isa = XCBuildConfiguration;
			buildSettings = {
				ALWAYS_SEARCH_USER_PATHS = NO;
				CLANG_CXX_LANGUAGE_STANDARD = "gnu++0x";
				CLANG_CXX_LIBRARY = "libc++";
				CLANG_ENABLE_MODULES = YES;
				CLANG_ENABLE_OBJC_ARC = YES;
				CLANG_WARN_BOOL_CONVERSION = YES;
				CLANG_WARN_CONSTANT_CONVERSION = YES;
				CLANG_WARN_DIRECT_OBJC_ISA_USAGE = YES_ERROR;
				CLANG_WARN_EMPTY_BODY = YES;
				CLANG_WARN_ENUM_CONVERSION = YES;
				CLANG_WARN_INT_CONVERSION = YES;
				CLANG_WARN_OBJC_ROOT_CLASS = YES_ERROR;
				CLANG_WARN_UNREACHABLE_CODE = YES;
				CLANG_WARN__DUPLICATE_METHOD_MATCH = YES;
				"CODE_SIGN_IDENTITY[sdk=iphoneos*]" = "iPhone Developer";
				COPY_PHASE_STRIP = NO;
				ENABLE_STRICT_OBJC_MSGSEND = YES;
				GCC_C_LANGUAGE_STANDARD = gnu99;
				GCC_DYNAMIC_NO_PIC = NO;
				GCC_OPTIMIZATION_LEVEL = 0;
				GCC_PREPROCESSOR_DEFINITIONS = (
					"DEBUG=1",
					"$(inherited)",
				);
				GCC_SYMBOLS_PRIVATE_EXTERN = NO;
				GCC_WARN_64_TO_32_BIT_CONVERSION = YES;
				GCC_WARN_ABOUT_RETURN_TYPE = YES_ERROR;
				GCC_WARN_UNDECLARED_SELECTOR = YES;
				GCC_WARN_UNINITIALIZED_AUTOS = YES_AGGRESSIVE;
				GCC_WARN_UNUSED_FUNCTION = YES;
				GCC_WARN_UNUSED_VARIABLE = YES;
				IPHONEOS_DEPLOYMENT_TARGET = 8.1;
				MTL_ENABLE_DEBUG_INFO = YES;
				ONLY_ACTIVE_ARCH = YES;
				SDKROOT = iphoneos;
			};
			name = Debug;
		};
		5A8EB8E71A9153F00033C540 /* Release */ = {
			isa = XCBuildConfiguration;
			baseConfigurationReference = 5A677D681A9BF1F70060B55D /* Beta.xcconfig */;
			buildSettings = {
				ALWAYS_SEARCH_USER_PATHS = NO;
				CLANG_CXX_LANGUAGE_STANDARD = "gnu++0x";
				CLANG_CXX_LIBRARY = "libc++";
				CLANG_ENABLE_MODULES = YES;
				CLANG_ENABLE_OBJC_ARC = YES;
				CLANG_WARN_BOOL_CONVERSION = YES;
				CLANG_WARN_CONSTANT_CONVERSION = YES;
				CLANG_WARN_DIRECT_OBJC_ISA_USAGE = YES_ERROR;
				CLANG_WARN_EMPTY_BODY = YES;
				CLANG_WARN_ENUM_CONVERSION = YES;
				CLANG_WARN_INT_CONVERSION = YES;
				CLANG_WARN_OBJC_ROOT_CLASS = YES_ERROR;
				CLANG_WARN_UNREACHABLE_CODE = YES;
				CLANG_WARN__DUPLICATE_METHOD_MATCH = YES;
				"CODE_SIGN_IDENTITY[sdk=iphoneos*]" = "iPhone Developer";
				COPY_PHASE_STRIP = YES;
				ENABLE_NS_ASSERTIONS = NO;
				ENABLE_STRICT_OBJC_MSGSEND = YES;
				GCC_C_LANGUAGE_STANDARD = gnu99;
				GCC_WARN_64_TO_32_BIT_CONVERSION = YES;
				GCC_WARN_ABOUT_RETURN_TYPE = YES_ERROR;
				GCC_WARN_UNDECLARED_SELECTOR = YES;
				GCC_WARN_UNINITIALIZED_AUTOS = YES_AGGRESSIVE;
				GCC_WARN_UNUSED_FUNCTION = YES;
				GCC_WARN_UNUSED_VARIABLE = YES;
				IPHONEOS_DEPLOYMENT_TARGET = 8.1;
				MTL_ENABLE_DEBUG_INFO = NO;
				SDKROOT = iphoneos;
				VALIDATE_PRODUCT = YES;
			};
			name = Release;
		};
		5A8EB8E91A9153F00033C540 /* Debug */ = {
			isa = XCBuildConfiguration;
			baseConfigurationReference = F8622FA142075D9EFE24176B /* Pods.debug.xcconfig */;
			buildSettings = {
				ASSETCATALOG_COMPILER_APPICON_NAME = AppIcon;
				ASSETCATALOG_COMPILER_LAUNCHIMAGE_NAME = LaunchImage;
				CODE_SIGN_IDENTITY = "iPhone Developer";
				"CODE_SIGN_IDENTITY[sdk=iphoneos*]" = "iPhone Developer";
				GCC_PREFIX_HEADER = Keeper/KeeperPrefixHeader.pch;
				INFOPLIST_FILE = Keeper/Info.plist;
				IPHONEOS_DEPLOYMENT_TARGET = 7.0;
				LD_RUNPATH_SEARCH_PATHS = "$(inherited) @executable_path/Frameworks";
				PRODUCT_NAME = "$(TARGET_NAME)";
				PROVISIONING_PROFILE = "564794ce-9bb2-4aa8-bb66-649abd4980ca";
			};
			name = Debug;
		};
		5A8EB8EA1A9153F00033C540 /* Release */ = {
			isa = XCBuildConfiguration;
			baseConfigurationReference = C5EA541A400364F5B9C2B943 /* Pods.release.xcconfig */;
			buildSettings = {
				ASSETCATALOG_COMPILER_APPICON_NAME = AppIcon;
				ASSETCATALOG_COMPILER_LAUNCHIMAGE_NAME = LaunchImage;
				CODE_SIGN_IDENTITY = "iPhone Developer";
				"CODE_SIGN_IDENTITY[sdk=iphoneos*]" = "iPhone Developer";
				GCC_PREFIX_HEADER = Keeper/KeeperPrefixHeader.pch;
				INFOPLIST_FILE = Keeper/Info.plist;
				IPHONEOS_DEPLOYMENT_TARGET = 7.0;
				LD_RUNPATH_SEARCH_PATHS = "$(inherited) @executable_path/Frameworks";
				PRODUCT_NAME = "$(TARGET_NAME)";
				PROVISIONING_PROFILE = "";
			};
			name = Release;
		};
		5A8EB8EC1A9153F00033C540 /* Debug */ = {
			isa = XCBuildConfiguration;
			buildSettings = {
				BUNDLE_LOADER = "$(TEST_HOST)";
				FRAMEWORK_SEARCH_PATHS = (
					"$(SDKROOT)/Developer/Library/Frameworks",
					"$(inherited)",
				);
				GCC_PREPROCESSOR_DEFINITIONS = (
					"DEBUG=1",
					"$(inherited)",
				);
				INFOPLIST_FILE = KeeperTests/Info.plist;
				LD_RUNPATH_SEARCH_PATHS = "$(inherited) @executable_path/Frameworks @loader_path/Frameworks";
				PRODUCT_NAME = "$(TARGET_NAME)";
				TEST_HOST = "$(BUILT_PRODUCTS_DIR)/Keeper.app/Keeper";
			};
			name = Debug;
		};
		5A8EB8ED1A9153F00033C540 /* Release */ = {
			isa = XCBuildConfiguration;
			buildSettings = {
				BUNDLE_LOADER = "$(TEST_HOST)";
				FRAMEWORK_SEARCH_PATHS = (
					"$(SDKROOT)/Developer/Library/Frameworks",
					"$(inherited)",
				);
				INFOPLIST_FILE = KeeperTests/Info.plist;
				LD_RUNPATH_SEARCH_PATHS = "$(inherited) @executable_path/Frameworks @loader_path/Frameworks";
				PRODUCT_NAME = "$(TARGET_NAME)";
				TEST_HOST = "$(BUILT_PRODUCTS_DIR)/Keeper.app/Keeper";
			};
			name = Release;
		};
/* End XCBuildConfiguration section */

/* Begin XCConfigurationList section */
		5A8EB8C01A9153F00033C540 /* Build configuration list for PBXProject "Keeper" */ = {
			isa = XCConfigurationList;
			buildConfigurations = (
				5A8EB8E61A9153F00033C540 /* Debug */,
				5A8EB8E71A9153F00033C540 /* Release */,
				5A677D691A9BF2A40060B55D /* Beta */,
			);
			defaultConfigurationIsVisible = 0;
			defaultConfigurationName = Release;
		};
		5A8EB8E81A9153F00033C540 /* Build configuration list for PBXNativeTarget "Keeper" */ = {
			isa = XCConfigurationList;
			buildConfigurations = (
				5A8EB8E91A9153F00033C540 /* Debug */,
				5A8EB8EA1A9153F00033C540 /* Release */,
				5A677D6A1A9BF2A40060B55D /* Beta */,
			);
			defaultConfigurationIsVisible = 0;
			defaultConfigurationName = Release;
		};
		5A8EB8EB1A9153F00033C540 /* Build configuration list for PBXNativeTarget "KeeperTests" */ = {
			isa = XCConfigurationList;
			buildConfigurations = (
				5A8EB8EC1A9153F00033C540 /* Debug */,
				5A8EB8ED1A9153F00033C540 /* Release */,
				5A677D6B1A9BF2A40060B55D /* Beta */,
			);
			defaultConfigurationIsVisible = 0;
			defaultConfigurationName = Release;
		};
/* End XCConfigurationList section */
	};
	rootObject = 5A8EB8BD1A9153F00033C540 /* Project object */;
}
